
Microsoft Visual Studio Solution File, Format Version 12.00
# Visual Studio Version 17
VisualStudioVersion = 17.14.36518.9
MinimumVisualStudioVersion = 10.0.40219.1
Project("{FAE04EC0-301F-11D3-BF4B-00C04F79EFBC}") = "DeviantArtScrapper", "DeviantArtScrapper\DeviantArtScrapper.csproj", "{82F8B582-EECE-4EAF-AD8A-4EA575356586}"
EndProject
Project("{2150E333-8FDC-42A3-9474-1A3956D46DE8}") = "Solution Items", "Solution Items", "{8EC462FD-D22E-90A8-E5CE-7E832BA40C5D}"
	ProjectSection(SolutionItems) = preProject
		.gitignore = .gitignore
		build-installer.bat = build-installer.bat
		build.bat = build.bat
		CHANGELOG.md = CHANGELOG.md
		CLAUDE.md = CLAUDE.md
		DateVersioning.targets = DateVersioning.targets
		LICENSE = LICENSE
		MANUAL_USUARIO.md = MANUAL_USUARIO.md
		MANUAL_USUARIO.pdf = MANUAL_USUARIO.pdf
		README.md = README.md
		USER_MANUAL.md = USER_MANUAL.md
		USER_MANUAL.pdf = USER_MANUAL.pdf
	EndProjectSection
EndProject
Project("{2150E333-8FDC-42A3-9474-1A3956D46DE8}") = "Installer", "Installer", "{A1B2C3D4-E5F6-7890-ABCD-EF1234567890}"
	ProjectSection(SolutionItems) = preProject
		installer\DeviantArtScrapper.nsi = installer\DeviantArtScrapper.nsi
		installer\README_INSTALLER.md = installer\README_INSTALLER.md
	EndProjectSection
EndProject
Global
	GlobalSection(SolutionConfigurationPlatforms) = preSolution
		Debug|Any CPU = Debug|Any CPU
		Release|Any CPU = Release|Any CPU
	EndGlobalSection
	GlobalSection(ProjectConfigurationPlatforms) = postSolution
		{82F8B582-EECE-4EAF-AD8A-4EA575356586}.Debug|Any CPU.ActiveCfg = Debug|Any CPU
		{82F8B582-EECE-4EAF-AD8A-4EA575356586}.Debug|Any CPU.Build.0 = Debug|Any CPU
		{82F8B582-EECE-4EAF-AD8A-4EA575356586}.Release|Any CPU.ActiveCfg = Release|Any CPU
		{82F8B582-EECE-4EAF-AD8A-4EA575356586}.Release|Any CPU.Build.0 = Release|Any CPU
	EndGlobalSection
	GlobalSection(SolutionProperties) = preSolution
		HideSolutionNode = FALSE
	EndGlobalSection
	GlobalSection(ExtensibilityGlobals) = postSolution
		SolutionGuid = {5435CB59-77B7-4F12-996D-BB07A972B35F}
	EndGlobalSection
EndGlobal
